
Microsoft Visual Studio Solution File, Format Version 12.00
# Visual Studio Version 17
VisualStudioVersion = 17.4.33122.133
MinimumVisualStudioVersion = 10.0.40219.1
Project("{FAE04EC0-301F-11D3-BF4B-00C04F79EFBC}") = "Backend.Api", "Backend.Api\Backend.Api.csproj", "{83A5F0A3-5706-475D-B12C-0D70EE39F816}"
EndProject
Project("{FAE04EC0-301F-11D3-BF4B-00C04F79EFBC}") = "Backend.Core", "Backend.Core\Backend.Core.csproj", "{CA2D5F33-62F6-4170-8845-8A8BDF4CD021}"
EndProject
Project("{FAE04EC0-301F-11D3-BF4B-00C04F79EFBC}") = "Backend.Infraestructure", "Backend.Infraestructure\Backend.Infraestructure.csproj", "{925ADAE7-8629-4E1D-81A2-1026540EDEC2}"
EndProject
Project("{2150E333-8FDC-42A3-9474-1A3956D46DE8}") = "Tests", "Tests", "{99E75F0C-8797-4AD1-A183-39BDCA191F75}"
EndProject
Project("{FAE04EC0-301F-11D3-BF4B-00C04F79EFBC}") = "Backend.UnitTest", "Backend.UnitTest\Backend.UnitTest.csproj", "{84429637-CD69-459B-9492-794EF405FBA1}"
EndProject
Global
	GlobalSection(SolutionConfigurationPlatforms) = preSolution
		Debug|Any CPU = Debug|Any CPU
		Release|Any CPU = Release|Any CPU
	EndGlobalSection
	GlobalSection(ProjectConfigurationPlatforms) = postSolution
		{83A5F0A3-5706-475D-B12C-0D70EE39F816}.Debug|Any CPU.ActiveCfg = Debug|Any CPU
		{83A5F0A3-5706-475D-B12C-0D70EE39F816}.Debug|Any CPU.Build.0 = Debug|Any CPU
		{83A5F0A3-5706-475D-B12C-0D70EE39F816}.Release|Any CPU.ActiveCfg = Release|Any CPU
		{83A5F0A3-5706-475D-B12C-0D70EE39F816}.Release|Any CPU.Build.0 = Release|Any CPU
		{CA2D5F33-62F6-4170-8845-8A8BDF4CD021}.Debug|Any CPU.ActiveCfg = Debug|Any CPU
		{CA2D5F33-62F6-4170-8845-8A8BDF4CD021}.Debug|Any CPU.Build.0 = Debug|Any CPU
		{CA2D5F33-62F6-4170-8845-8A8BDF4CD021}.Release|Any CPU.ActiveCfg = Release|Any CPU
		{CA2D5F33-62F6-4170-8845-8A8BDF4CD021}.Release|Any CPU.Build.0 = Release|Any CPU
		{925ADAE7-8629-4E1D-81A2-1026540EDEC2}.Debug|Any CPU.ActiveCfg = Debug|Any CPU
		{925ADAE7-8629-4E1D-81A2-1026540EDEC2}.Debug|Any CPU.Build.0 = Debug|Any CPU
		{925ADAE7-8629-4E1D-81A2-1026540EDEC2}.Release|Any CPU.ActiveCfg = Release|Any CPU
		{925ADAE7-8629-4E1D-81A2-1026540EDEC2}.Release|Any CPU.Build.0 = Release|Any CPU
		{84429637-CD69-459B-9492-794EF405FBA1}.Debug|Any CPU.ActiveCfg = Debug|Any CPU
		{84429637-CD69-459B-9492-794EF405FBA1}.Debug|Any CPU.Build.0 = Debug|Any CPU
		{84429637-CD69-459B-9492-794EF405FBA1}.Release|Any CPU.ActiveCfg = Release|Any CPU
		{84429637-CD69-459B-9492-794EF405FBA1}.Release|Any CPU.Build.0 = Release|Any CPU
	EndGlobalSection
	GlobalSection(SolutionProperties) = preSolution
		HideSolutionNode = FALSE
	EndGlobalSection
	GlobalSection(NestedProjects) = preSolution
		{84429637-CD69-459B-9492-794EF405FBA1} = {99E75F0C-8797-4AD1-A183-39BDCA191F75}
	EndGlobalSection
	GlobalSection(ExtensibilityGlobals) = postSolution
		SolutionGuid = {5C4B37F3-650A-4BB2-9E66-D11399B088C8}
	EndGlobalSection
EndGlobal
